{
  "version": 4,
  "terraform_version": "1.5.7",
  "serial": 14,
  "lineage": "976f9762-fb13-add6-506a-daea5ce52936",
  "outputs": {},
  "resources": [
    {
      "mode": "data",
      "type": "aws_eks_cluster_auth",
      "name": "this",
      "provider": "provider[\"registry.terraform.io/hashicorp/aws\"]",
      "instances": [
        {
          "schema_version": 0,
          "attributes": {
            "id": "cwagent-operator-eks-integ-02a149fe0c19f4c5",
            "name": "cwagent-operator-eks-integ-02a149fe0c19f4c5",
            "token": "k8s-aws-v1.aHR0cHM6Ly9zdHMudXMtd2VzdC0yLmFtYXpvbmF3cy5jb20vP0FjdGlvbj1HZXRDYWxsZXJJZGVudGl0eSZWZXJzaW9uPTIwMTEtMDYtMTUmWC1BbXotQWxnb3JpdGhtPUFXUzQtSE1BQy1TSEEyNTYmWC1BbXotQ3JlZGVudGlhbD1BU0lBNFhGTlJVNTZKTURNNkhDSiUyRjIwMjQwMzE0JTJGdXMtd2VzdC0yJTJGc3RzJTJGYXdzNF9yZXF1ZXN0JlgtQW16LURhdGU9MjAyNDAzMTRUMTc1MzI2WiZYLUFtei1FeHBpcmVzPTAmWC1BbXotU2VjdXJpdHktVG9rZW49SVFvSmIzSnBaMmx1WDJWakVHOGFDWFZ6TFdWaGMzUXRNU0pHTUVRQ0lFQ0J5dncyUDVWT2tuUnZ0ZVFFVXJnZGFSNWwzMSUyQlplb2klMkJqMWtzOHRnM0FpQXVnSyUyQmhqZyUyQktGaTF2aGlwd0IlMkZFcSUyRiUyQmhXc1lZbFF1ZXE2Vm5DdjBBQUFDcWRBZ2g0RUFRYUREZzNORE00T1Rnd09UQXlNQ0lNQjFOREphSSUyRndGdDJaTWdDS3ZvQjElMkJpJTJGenIxOWJQayUyQk1LTDNLVlVQNUNyNjJHZ2RDMGtkMCUyQjA1R1B2a3ElMkIwJTJCekdONUtWYjNlUkVqc1ZjZjdlJTJGUHc2Qk4lMkJlRG8xZ0dPZGkxVHJyY281R2dXeiUyRnU1Mk9pTmxPem53ZGpSWU1WZSUyQkVBdUN0JTJGN1psUmFnc2dBdVVHTnc0S2pBVXVkMnpCJTJCZk1sczRlVTM5UUJoclZRRnltdERaQm8xYlAxU3d3cEJsTFo5UFBtT2I2aFR6YnpnSXdoUzRuWEVlYnFxVWhBREJHQ3hOcnljWlNqejRnaDRZcTU2Q1YlMkJhdm8lMkZ1NGhxeDM2YU5qYXJvV05XYmw1TzBkZjlxSld4R3ZFNzVlTVVRaDhVOUZhUUtoZDAzUFBiQWlmM0oyZmhyUmlvNFRSbVNNbHhHa3FhdFVPYU5KaHhNQ2VCVk0lMkJkREFCMyUyRjBGUDg4VEN3bjh5dkJqcWVBZU5XcDBBUzkwamRnY1lrSmgzWUxRTHZURnhhbWZkWURaMERzY0hUUjROR0tVY1Q0TjFwb3RHUzRjY2xGSXNTZEYzTlpxbFMxJTJCbTc2ZUhRMlZwTFdsTzRJYktzUWRQYXo3QiUyQm9ZUlI4VEtmem84WDUzV2d2bW5TJTJCS3NDb3lsY2t6SnVhTDJwQk9oS250RDZpJTJCJTJCdWdkOXlmUU5ncnp4Z01LWU5rYnVVWTZua3g3Ym9tTXI5RDRZRVRTUGtSRG5SVk12R2V6ZHVCdTQ5Y0I3NU9uWHgmWC1BbXotU2lnbmVkSGVhZGVycz1ob3N0JTNCeC1rOHMtYXdzLWlkJlgtQW16LVNpZ25hdHVyZT04YTU0YzNhOTA3OWI2OWRlNWQ4YmU5ZmZiYzI1YzMxZjI2MjJkNjA5N2RjYjcyZWIwN2ZhODNmNTFmN2I1M2M4"
          },
          "sensitive_attributes": []
        }
      ]
    },
    {
      "mode": "managed",
      "type": "aws_eks_addon",
      "name": "this",
      "provider": "provider[\"registry.terraform.io/hashicorp/aws\"]",
      "instances": [
        {
          "schema_version": 0,
          "attributes": {
            "addon_name": "amazon-cloudwatch-observability",
            "addon_version": "v1.3.0-eksbuild.1",
            "arn": "arn:aws:eks:us-west-2:874389809020:addon/cwagent-operator-eks-integ-02a149fe0c19f4c5/amazon-cloudwatch-observability/52c71f0d-1adb-8ec0-d52a-f1b36a9337c1",
            "cluster_name": "cwagent-operator-eks-integ-02a149fe0c19f4c5",
            "configuration_values": "",
            "created_at": "2024-03-14T17:54:49Z",
            "id": "cwagent-operator-eks-integ-02a149fe0c19f4c5:amazon-cloudwatch-observability",
            "modified_at": "2024-03-14T17:55:50Z",
            "preserve": null,
            "resolve_conflicts": null,
            "resolve_conflicts_on_create": null,
            "resolve_conflicts_on_update": null,
            "service_account_role_arn": "",
            "tags": null,
            "tags_all": {},
            "timeouts": null
          },
          "sensitive_attributes": [],
          "private": "eyJlMmJmYjczMC1lY2FhLTExZTYtOGY4OC0zNDM2M2JjN2M0YzAiOnsiY3JlYXRlIjoxMjAwMDAwMDAwMDAwLCJkZWxldGUiOjI0MDAwMDAwMDAwMDAsInVwZGF0ZSI6MTIwMDAwMDAwMDAwMH19",
          "dependencies": [
            "aws_eks_cluster.this",
            "aws_eks_node_group.this",
            "aws_iam_role.node_role",
            "aws_iam_role_policy_attachment.node_AmazonEC2ContainerRegistryReadOnly",
            "aws_iam_role_policy_attachment.node_AmazonEKSWorkerNodePolicy",
            "aws_iam_role_policy_attachment.node_AmazonEKS_CNI_Policy",
            "aws_iam_role_policy_attachment.node_CloudWatchAgentServerPolicy",
            "module.basic_components.data.aws_iam_role.cwagent_iam_role",
            "module.basic_components.data.aws_security_group.security_group",
            "module.basic_components.data.aws_subnets.public_subnet_ids",
            "module.common.random_id.testing_id",
            "null_resource.kubectl"
          ]
        }
      ]
    },
    {
      "mode": "managed",
      "type": "aws_eks_cluster",
      "name": "this",
      "provider": "provider[\"registry.terraform.io/hashicorp/aws\"]",
      "instances": [
        {
          "schema_version": 0,
          "attributes": {
            "access_config": [
              {
                "authentication_mode": "CONFIG_MAP",
                "bootstrap_cluster_creator_admin_permissions": false
              }
            ],
            "arn": "arn:aws:eks:us-west-2:874389809020:cluster/cwagent-operator-eks-integ-02a149fe0c19f4c5",
            "certificate_authority": [
              {
                "data": "LS0tLS1CRUdJTiBDRVJUSUZJQ0FURS0tLS0tCk1JSUMvakNDQWVhZ0F3SUJBZ0lCQURBTkJna3Foa2lHOXcwQkFRc0ZBREFWTVJNd0VRWURWUVFERXdwcmRXSmwKY201bGRHVnpNQjRYRFRJME1ETXhOREUzTlRBMU5Wb1hEVE0wTURNeE1qRTNOVEExTlZvd0ZURVRNQkVHQTFVRQpBeE1LYTNWaVpYSnVaWFJsY3pDQ0FTSXdEUVlKS29aSWh2Y05BUUVCQlFBRGdnRVBBRENDQVFvQ2dnRUJBTUQzCmRJMTlIV3F1bi9ZMFdpYlM4Z0l3c1dqZ0hWN1VXL1VTbzZJbVdmNlRnYlhxQi93YXI4b0V1U2NRRVRhQ2FQZTYKR0Z0d3hMM2d4eFZlaWNvcHo1YkZERGZuK3AwSElOWno5cDhxZmZEK21wZG9TVXhqc1k1Z0UxWHVSMTAwbWtGZApFWG52elNSZ05SZmV6dHJMN0VSVEdCcWpMNytBYlRFYnJVaVNXYzNCcGFsU2lWVU1DY1NUOXdITFpyY1gyWUdtClR6YzZRcFYvK1BsM3N4N1RKc0VKNmpaM2ErWnhyVnUyZXlHcWU3c2JsSndZb2xNZHgwMHRpL2NHb0RpNXphRTUKeGtvQ0tDd1VYdk5vZVdURitIU3R2ZjJ0VStWSVBlSVowU05VVzd1ZmFsaXFRcFk1c3B2NHk5bW82V2NCbGszNgppRm4wUFFBUVoyQysrSXc3THhzQ0F3RUFBYU5aTUZjd0RnWURWUjBQQVFIL0JBUURBZ0trTUE4R0ExVWRFd0VCCi93UUZNQU1CQWY4d0hRWURWUjBPQkJZRUZESnJCSllEdXB1TjJHaGtUQ2lyNTJoWHg0aEZNQlVHQTFVZEVRUU8KTUF5Q0NtdDFZbVZ5Ym1WMFpYTXdEUVlKS29aSWh2Y05BUUVMQlFBRGdnRUJBREYrNW00TzMzbktjdlJTUWdVMApKejdYWW5yNDZHSUp0SXpLUVJPa3BtcWtsdmVERmFZSnlxbStBL3dFWG9XNnR6Mk1mV3V2cUxUdXREM0pIbllsCnpxUXZwQlNDQlZSOHRWZExsM2toMzhwMERwOEd6OU1pRVZYSFRhNkJzUWhHbHhhSW1sNUFDZG5CeU4wYXJFTWEKdlo0TkZTejBUWTFVM1dDM3Y0dHlTNDl6MEwzRVZrNDlubWVadDR6L2RDVDYrNkdBYXM4Sk1GTWlhUTJJdUE2LworVmtiVEYyNzIzOWEyNDJTTWkyQjdQY1R4RittQk9KMzJGZTlVQ3lHcU1nOXpVNmQ4OEJRNFVBQk1WaU1zbkp0CjRTVzZ3Z3NScGl0SHBTSi9tcGVNeGRNZGZYd29mQkZoUmJXWHdmVktuL09IY21FVlladnZpb05ZemFVekpWSEEKbks4PQotLS0tLUVORCBDRVJUSUZJQ0FURS0tLS0tCg=="
              }
            ],
            "cluster_id": null,
            "created_at": "2024-03-14 17:46:31.048 +0000 UTC",
            "enabled_cluster_log_types": null,
            "encryption_config": [],
            "endpoint": "https://51D1447AD9BC062210D99ED0A9CC8D55.gr7.us-west-2.eks.amazonaws.com",
            "id": "cwagent-operator-eks-integ-02a149fe0c19f4c5",
            "identity": [
              {
                "oidc": [
                  {
                    "issuer": "https://oidc.eks.us-west-2.amazonaws.com/id/51D1447AD9BC062210D99ED0A9CC8D55"
                  }
                ]
              }
            ],
            "kubernetes_network_config": [
              {
                "ip_family": "ipv4",
                "service_ipv4_cidr": "10.100.0.0/16",
                "service_ipv6_cidr": ""
              }
            ],
            "name": "cwagent-operator-eks-integ-02a149fe0c19f4c5",
            "outpost_config": [],
            "platform_version": "eks.18",
            "role_arn": "arn:aws:iam::874389809020:role/cwa-e2e-iam-role",
            "status": "ACTIVE",
            "tags": null,
            "tags_all": {},
            "timeouts": null,
            "version": "1.24",
            "vpc_config": [
              {
                "cluster_security_group_id": "sg-018650445892a8122",
                "endpoint_private_access": false,
                "endpoint_public_access": true,
                "public_access_cidrs": [
                  "0.0.0.0/0"
                ],
                "security_group_ids": [
                  "sg-06185542e72db3c9a"
                ],
                "subnet_ids": [
                  "subnet-02e17669c78860162",
                  "subnet-052181188c581370b",
                  "subnet-09878c2a68ea14f01",
                  "subnet-09b0c534e59876794",
                  "subnet-09d6e7bcac6ba799a",
                  "subnet-0b744a77f28759349",
                  "subnet-0f4bf65bf3a9a1ab4",
                  "subnet-15f8b83d",
                  "subnet-50efdc26",
                  "subnet-e2d8c186",
                  "subnet-f13b55a9"
                ],
                "vpc_id": "vpc-400df027"
              }
            ]
          },
          "sensitive_attributes": [],
          "private": "eyJlMmJmYjczMC1lY2FhLTExZTYtOGY4OC0zNDM2M2JjN2M0YzAiOnsiY3JlYXRlIjoxODAwMDAwMDAwMDAwLCJkZWxldGUiOjkwMDAwMDAwMDAwMCwidXBkYXRlIjozNjAwMDAwMDAwMDAwfX0=",
          "dependencies": [
            "module.basic_components.data.aws_iam_role.cwagent_iam_role",
            "module.basic_components.data.aws_security_group.security_group",
            "module.basic_components.data.aws_subnets.public_subnet_ids",
            "module.common.random_id.testing_id"
          ]
        }
      ]
    },
    {
      "mode": "managed",
      "type": "aws_eks_node_group",
      "name": "this",
      "provider": "provider[\"registry.terraform.io/hashicorp/aws\"]",
      "instances": [
        {
          "schema_version": 0,
          "attributes": {
            "ami_type": "AL2_x86_64",
            "arn": "arn:aws:eks:us-west-2:874389809020:nodegroup/cwagent-operator-eks-integ-02a149fe0c19f4c5/cwagent-operator-eks-integ-node/10c71f0c-7b07-95d4-2b8e-d3fbd513af2a",
            "capacity_type": "ON_DEMAND",
            "cluster_name": "cwagent-operator-eks-integ-02a149fe0c19f4c5",
            "disk_size": 20,
            "force_update_version": null,
            "id": "cwagent-operator-eks-integ-02a149fe0c19f4c5:cwagent-operator-eks-integ-node",
            "instance_types": [
              "t3.medium"
            ],
            "labels": null,
            "launch_template": [],
            "node_group_name": "cwagent-operator-eks-integ-node",
            "node_group_name_prefix": "",
            "node_role_arn": "arn:aws:iam::874389809020:role/cwagent-operator-eks-Worker-Role-02a149fe0c19f4c5",
            "release_version": "1.24.17-20240307",
            "remote_access": [],
            "resources": [
              {
                "autoscaling_groups": [
                  {
                    "name": "eks-cwagent-operator-eks-integ-node-10c71f0c-7b07-95d4-2b8e-d3fbd513af2a"
                  }
                ],
                "remote_access_security_group_id": ""
              }
            ],
            "scaling_config": [
              {
                "desired_size": 1,
                "max_size": 1,
                "min_size": 1
              }
            ],
            "status": "ACTIVE",
            "subnet_ids": [
              "subnet-02e17669c78860162",
              "subnet-052181188c581370b",
              "subnet-09878c2a68ea14f01",
              "subnet-09b0c534e59876794",
              "subnet-09d6e7bcac6ba799a",
              "subnet-0b744a77f28759349",
              "subnet-0f4bf65bf3a9a1ab4",
              "subnet-15f8b83d",
              "subnet-50efdc26",
              "subnet-e2d8c186",
              "subnet-f13b55a9"
            ],
            "tags": null,
            "tags_all": {},
            "taint": [],
            "timeouts": null,
            "update_config": [
              {
                "max_unavailable": 1,
                "max_unavailable_percentage": 0
              }
            ],
            "version": "1.24"
          },
          "sensitive_attributes": [],
          "private": "eyJlMmJmYjczMC1lY2FhLTExZTYtOGY4OC0zNDM2M2JjN2M0YzAiOnsiY3JlYXRlIjozNjAwMDAwMDAwMDAwLCJkZWxldGUiOjM2MDAwMDAwMDAwMDAsInVwZGF0ZSI6MzYwMDAwMDAwMDAwMH19",
          "dependencies": [
            "aws_eks_cluster.this",
            "aws_iam_role.node_role",
            "aws_iam_role_policy_attachment.node_AmazonEC2ContainerRegistryReadOnly",
            "aws_iam_role_policy_attachment.node_AmazonEKSWorkerNodePolicy",
            "aws_iam_role_policy_attachment.node_AmazonEKS_CNI_Policy",
            "aws_iam_role_policy_attachment.node_CloudWatchAgentServerPolicy",
            "module.basic_components.data.aws_iam_role.cwagent_iam_role",
            "module.basic_components.data.aws_security_group.security_group",
            "module.basic_components.data.aws_subnets.public_subnet_ids",
            "module.common.random_id.testing_id"
          ]
        }
      ]
    },
    {
      "mode": "managed",
      "type": "aws_iam_role",
      "name": "node_role",
      "provider": "provider[\"registry.terraform.io/hashicorp/aws\"]",
      "instances": [
        {
          "schema_version": 0,
          "attributes": {
            "arn": "arn:aws:iam::874389809020:role/cwagent-operator-eks-Worker-Role-02a149fe0c19f4c5",
            "assume_role_policy": "{\"Statement\":[{\"Action\":\"sts:AssumeRole\",\"Effect\":\"Allow\",\"Principal\":{\"Service\":\"ec2.amazonaws.com\"}}],\"Version\":\"2012-10-17\"}",
            "create_date": "2024-03-14T17:46:27Z",
            "description": "",
            "force_detach_policies": false,
            "id": "cwagent-operator-eks-Worker-Role-02a149fe0c19f4c5",
            "inline_policy": [],
            "managed_policy_arns": [],
            "max_session_duration": 3600,
            "name": "cwagent-operator-eks-Worker-Role-02a149fe0c19f4c5",
            "name_prefix": "",
            "path": "/",
            "permissions_boundary": "",
            "tags": null,
            "tags_all": {},
            "unique_id": "AROA4XFNRU56KSTRALMWN"
          },
          "sensitive_attributes": [],
          "private": "bnVsbA==",
          "dependencies": [
            "module.common.random_id.testing_id"
          ]
        }
      ]
    },
    {
      "mode": "managed",
      "type": "aws_iam_role_policy_attachment",
      "name": "node_AmazonEC2ContainerRegistryReadOnly",
      "provider": "provider[\"registry.terraform.io/hashicorp/aws\"]",
      "instances": [
        {
          "schema_version": 0,
          "attributes": {
            "id": "cwagent-operator-eks-Worker-Role-02a149fe0c19f4c5-20240314174628247300000004",
            "policy_arn": "arn:aws:iam::aws:policy/AmazonEC2ContainerRegistryReadOnly",
            "role": "cwagent-operator-eks-Worker-Role-02a149fe0c19f4c5"
          },
          "sensitive_attributes": [],
          "private": "bnVsbA==",
          "dependencies": [
            "aws_iam_role.node_role",
            "module.common.random_id.testing_id"
          ]
        }
      ]
    },
    {
      "mode": "managed",
      "type": "aws_iam_role_policy_attachment",
      "name": "node_AmazonEKSWorkerNodePolicy",
      "provider": "provider[\"registry.terraform.io/hashicorp/aws\"]",
      "instances": [
        {
          "schema_version": 0,
          "attributes": {
            "id": "cwagent-operator-eks-Worker-Role-02a149fe0c19f4c5-20240314174628149700000002",
            "policy_arn": "arn:aws:iam::aws:policy/AmazonEKSWorkerNodePolicy",
            "role": "cwagent-operator-eks-Worker-Role-02a149fe0c19f4c5"
          },
          "sensitive_attributes": [],
          "private": "bnVsbA==",
          "dependencies": [
            "aws_iam_role.node_role",
            "module.common.random_id.testing_id"
          ]
        }
      ]
    },
    {
      "mode": "managed",
      "type": "aws_iam_role_policy_attachment",
      "name": "node_AmazonEKS_CNI_Policy",
      "provider": "provider[\"registry.terraform.io/hashicorp/aws\"]",
      "instances": [
        {
          "schema_version": 0,
          "attributes": {
            "id": "cwagent-operator-eks-Worker-Role-02a149fe0c19f4c5-20240314174628057800000001",
            "policy_arn": "arn:aws:iam::aws:policy/AmazonEKS_CNI_Policy",
            "role": "cwagent-operator-eks-Worker-Role-02a149fe0c19f4c5"
          },
          "sensitive_attributes": [],
          "private": "bnVsbA==",
          "dependencies": [
            "aws_iam_role.node_role",
            "module.common.random_id.testing_id"
          ]
        }
      ]
    },
    {
      "mode": "managed",
      "type": "aws_iam_role_policy_attachment",
      "name": "node_CloudWatchAgentServerPolicy",
      "provider": "provider[\"registry.terraform.io/hashicorp/aws\"]",
      "instances": [
        {
          "schema_version": 0,
          "attributes": {
            "id": "cwagent-operator-eks-Worker-Role-02a149fe0c19f4c5-20240314174628238300000003",
            "policy_arn": "arn:aws:iam::aws:policy/CloudWatchAgentServerPolicy",
            "role": "cwagent-operator-eks-Worker-Role-02a149fe0c19f4c5"
          },
          "sensitive_attributes": [],
          "private": "bnVsbA==",
          "dependencies": [
            "aws_iam_role.node_role",
            "module.common.random_id.testing_id"
          ]
        }
      ]
    },
    {
      "mode": "managed",
      "type": "null_resource",
      "name": "kubectl",
      "provider": "provider[\"registry.terraform.io/hashicorp/null\"]",
      "instances": [
        {
          "schema_version": 0,
          "attributes": {
            "id": "5304894540760230603",
            "triggers": null
          },
          "sensitive_attributes": [],
          "dependencies": [
            "aws_eks_cluster.this",
            "aws_eks_node_group.this",
            "aws_iam_role.node_role",
            "aws_iam_role_policy_attachment.node_AmazonEC2ContainerRegistryReadOnly",
            "aws_iam_role_policy_attachment.node_AmazonEKSWorkerNodePolicy",
            "aws_iam_role_policy_attachment.node_AmazonEKS_CNI_Policy",
            "aws_iam_role_policy_attachment.node_CloudWatchAgentServerPolicy",
            "module.basic_components.data.aws_iam_role.cwagent_iam_role",
            "module.basic_components.data.aws_security_group.security_group",
            "module.basic_components.data.aws_subnets.public_subnet_ids",
            "module.common.random_id.testing_id"
          ]
        }
      ]
    },
    {
      "mode": "managed",
      "type": "null_resource",
      "name": "validator",
      "provider": "provider[\"registry.terraform.io/hashicorp/null\"]",
      "instances": [
        {
          "schema_version": 0,
          "attributes": {
            "id": "3390929921424411572",
            "triggers": null
          },
          "sensitive_attributes": [],
          "dependencies": [
            "aws_eks_addon.this",
            "aws_eks_cluster.this",
            "aws_eks_node_group.this",
            "aws_iam_role.node_role",
            "aws_iam_role_policy_attachment.node_AmazonEC2ContainerRegistryReadOnly",
            "aws_iam_role_policy_attachment.node_AmazonEKSWorkerNodePolicy",
            "aws_iam_role_policy_attachment.node_AmazonEKS_CNI_Policy",
            "aws_iam_role_policy_attachment.node_CloudWatchAgentServerPolicy",
            "module.basic_components.data.aws_iam_role.cwagent_iam_role",
            "module.basic_components.data.aws_security_group.security_group",
            "module.basic_components.data.aws_subnets.public_subnet_ids",
            "module.common.random_id.testing_id",
            "null_resource.kubectl"
          ]
        }
      ]
    },
    {
      "module": "module.basic_components",
      "mode": "data",
      "type": "aws_iam_role",
      "name": "cwagent_iam_role",
      "provider": "provider[\"registry.terraform.io/hashicorp/aws\"]",
      "instances": [
        {
          "schema_version": 0,
          "attributes": {
            "arn": "arn:aws:iam::874389809020:role/cwa-e2e-iam-role",
            "assume_role_policy": "{\"Version\":\"2012-10-17\",\"Statement\":[{\"Sid\":\"\",\"Effect\":\"Allow\",\"Principal\":{\"Service\":\"ec2.amazonaws.com\"},\"Action\":\"sts:AssumeRole\"},{\"Sid\":\"\",\"Effect\":\"Allow\",\"Principal\":{\"Service\":\"ecs-tasks.amazonaws.com\"},\"Action\":\"sts:AssumeRole\"},{\"Sid\":\"\",\"Effect\":\"Allow\",\"Principal\":{\"Service\":\"eks.amazonaws.com\"},\"Action\":\"sts:AssumeRole\"}]}",
            "create_date": "2023-06-09T17:33:24Z",
            "description": "",
            "id": "cwa-e2e-iam-role",
            "max_session_duration": 3600,
            "name": "cwa-e2e-iam-role",
            "path": "/",
            "permissions_boundary": "",
            "role_last_used": [
              {
                "last_used_date": "2023-06-21T18:46:08Z",
                "region": "us-east-1"
              }
            ],
            "tags": {},
            "unique_id": "AROA4XFNRU56J4W2IIYP3"
          },
          "sensitive_attributes": []
        }
      ]
    },
    {
      "module": "module.basic_components",
      "mode": "data",
      "type": "aws_security_group",
      "name": "security_group",
      "provider": "provider[\"registry.terraform.io/hashicorp/aws\"]",
      "instances": [
        {
          "schema_version": 0,
          "attributes": {
            "arn": "arn:aws:ec2:us-west-2:874389809020:security-group/sg-06185542e72db3c9a",
            "description": "Managed by Terraform",
            "filter": null,
            "id": "sg-06185542e72db3c9a",
            "name": "vpc_security_group",
            "tags": {},
            "timeouts": null,
            "vpc_id": "vpc-400df027"
          },
          "sensitive_attributes": []
        }
      ]
    },
    {
      "module": "module.basic_components",
      "mode": "data",
      "type": "aws_subnets",
      "name": "public_subnet_ids",
      "provider": "provider[\"registry.terraform.io/hashicorp/aws\"]",
      "instances": [
        {
          "schema_version": 0,
          "attributes": {
            "filter": [
              {
                "name": "vpc-id",
                "values": [
                  "vpc-400df027"
                ]
              }
            ],
            "id": "us-west-2",
            "ids": [
              "subnet-f13b55a9",
              "subnet-0b744a77f28759349",
              "subnet-0f4bf65bf3a9a1ab4",
              "subnet-09d6e7bcac6ba799a",
              "subnet-15f8b83d",
              "subnet-e2d8c186",
              "subnet-09b0c534e59876794",
              "subnet-50efdc26",
              "subnet-09878c2a68ea14f01",
              "subnet-052181188c581370b",
              "subnet-02e17669c78860162"
            ],
            "tags": null,
            "timeouts": null
          },
          "sensitive_attributes": []
        }
      ]
    },
    {
      "module": "module.basic_components",
      "mode": "data",
      "type": "aws_vpc",
      "name": "vpc",
      "provider": "provider[\"registry.terraform.io/hashicorp/aws\"]",
      "instances": [
        {
          "schema_version": 0,
          "attributes": {
            "arn": "arn:aws:ec2:us-west-2:874389809020:vpc/vpc-400df027",
            "cidr_block": "172.31.0.0/16",
            "cidr_block_associations": [
              {
                "association_id": "vpc-cidr-assoc-06c65c6f",
                "cidr_block": "172.31.0.0/16",
                "state": "associated"
              },
              {
                "association_id": "vpc-cidr-assoc-0a43075534daf77b9",
                "cidr_block": "172.71.0.0/16",
                "state": "associated"
              },
              {
                "association_id": "vpc-cidr-assoc-060daccd4e951bdeb",
                "cidr_block": "172.72.0.0/16",
                "state": "associated"
              },
              {
                "association_id": "vpc-cidr-assoc-0d9826c6959ada86e",
                "cidr_block": "172.73.0.0/16",
                "state": "associated"
              },
              {
                "association_id": "vpc-cidr-assoc-0505b286868bad8d2",
                "cidr_block": "172.74.0.0/16",
                "state": "associated"
              }
            ],
            "default": true,
            "dhcp_options_id": "dopt-67f68f03",
            "enable_dns_hostnames": true,
            "enable_dns_support": true,
            "enable_network_address_usage_metrics": false,
            "filter": null,
            "id": "vpc-400df027",
            "instance_tenancy": "default",
            "ipv6_association_id": "",
            "ipv6_cidr_block": "",
            "main_route_table_id": "rtb-e6981d81",
            "owner_id": "874389809020",
            "state": null,
            "tags": {},
            "timeouts": null
          },
          "sensitive_attributes": []
        }
      ]
    },
    {
      "module": "module.basic_components.module.common",
      "mode": "managed",
      "type": "random_id",
      "name": "testing_id",
      "provider": "provider[\"registry.terraform.io/hashicorp/random\"]",
      "instances": [
        {
          "schema_version": 0,
          "attributes": {
            "b64_std": "5cR/nz3Vd3c=",
            "b64_url": "5cR_nz3Vd3c",
            "byte_length": 8,
            "dec": "16556498452034713463",
            "hex": "e5c47f9f3dd57777",
            "id": "5cR_nz3Vd3c",
            "keepers": null,
            "prefix": null
          },
          "sensitive_attributes": []
        }
      ]
    },
    {
      "module": "module.common",
      "mode": "managed",
      "type": "random_id",
      "name": "testing_id",
      "provider": "provider[\"registry.terraform.io/hashicorp/random\"]",
      "instances": [
        {
          "schema_version": 0,
          "attributes": {
            "b64_std": "AqFJ/gwZ9MU=",
            "b64_url": "AqFJ_gwZ9MU",
            "byte_length": 8,
            "dec": "189514014799819973",
            "hex": "02a149fe0c19f4c5",
            "id": "AqFJ_gwZ9MU",
            "keepers": null,
            "prefix": null
          },
          "sensitive_attributes": []
        }
      ]
    }
  ],
  "check_results": null
}
